{
  "name": "c4model",
  "version": "1.0.0",
  "lockfileVersion": 1,
  "requires": true,
  "dependencies": {
    "@types/node": {
      "version": "11.15.29",
      "resolved": "https://registry.npmjs.org/@types/node/-/node-11.15.29.tgz",
      "integrity": "sha512-qX3rjMp9f9SiectkYjMz66Yvoyte3W8gRPQ6wmNjtt/Y7tHP/okNE2mFCvaMY/fCgWJsNRSmHfe6Oo0CsjZgdA==",
      "dev": true
    },
    "crypto-js": {
      "version": "3.1.9-1",
      "resolved": "https://registry.npmjs.org/crypto-js/-/crypto-js-3.1.9-1.tgz",
      "integrity": "sha1-/aGedh/Ad+Af+/3G6f38WeiAbNg="
    },
    "structurizr-typescript": {
      "version": "1.0.8",
      "resolved": "https://registry.npmjs.org/structurizr-typescript/-/structurizr-typescript-1.0.8.tgz",
      "integrity": "sha512-FQRw9k+LGmqLLoYRkoc1DUfA58eK+om1s5kgI88gGQacAYOpjRU4SQqTj/V6WU76akERv9UEhjebOIF1o9ziHA==",
      "requires": {
        "crypto-js": "3.1.9-1"
      }
    },
    "tslib": {
      "version": "2.0.1",
      "resolved": "https://registry.npmjs.org/tslib/-/tslib-2.0.1.tgz",
      "integrity": "sha512-SgIkNheinmEBgx1IUNirK0TUD4X9yjjBRTqqjggWCU3pUEqIk3/Uwl3yRixYKT6WjQuGiwDv4NomL3wqRCj+CQ=="
    },
    "typescript": {
      "version": "3.7.3",
      "resolved": "https://registry.npmjs.org/typescript/-/typescript-3.7.3.tgz",
      "integrity": "sha512-Mcr/Qk7hXqFBXMN7p7Lusj1ktCBydylfQM/FZCk5glCNQJrCUKPkMHdo9R0MTFWsC/4kPFvDS0fDPvukfCkFsw==",
      "dev": true
    }
  }
}
